
Microsoft Visual Studio Solution File, Format Version 12.00
# Visual Studio Version 16
VisualStudioVersion = 16.0.30523.141
MinimumVisualStudioVersion = 10.0.40219.1
Project("{FAE04EC0-301F-11D3-BF4B-00C04F79EFBC}") = "WebAppFreelancer", "WebAppFreelancer\WebAppFreelancer.csproj", "{E9F285C5-FE5F-4D1E-895D-DDBCDF595499}"
EndProject
Project("{FAE04EC0-301F-11D3-BF4B-00C04F79EFBC}") = "WebAppFreelancerTests", "WebAppFreelancerTests\WebAppFreelancerTests.csproj", "{89D10657-8030-4A24-A318-E7F1E791C0B4}"
EndProject
Global
	GlobalSection(SolutionConfigurationPlatforms) = preSolution
		Debug|Any CPU = Debug|Any CPU
		Release|Any CPU = Release|Any CPU
	EndGlobalSection
	GlobalSection(ProjectConfigurationPlatforms) = postSolution
		{E9F285C5-FE5F-4D1E-895D-DDBCDF595499}.Debug|Any CPU.ActiveCfg = Debug|Any CPU
		{E9F285C5-FE5F-4D1E-895D-DDBCDF595499}.Debug|Any CPU.Build.0 = Debug|Any CPU
		{E9F285C5-FE5F-4D1E-895D-DDBCDF595499}.Release|Any CPU.ActiveCfg = Release|Any CPU
		{E9F285C5-FE5F-4D1E-895D-DDBCDF595499}.Release|Any CPU.Build.0 = Release|Any CPU
		{89D10657-8030-4A24-A318-E7F1E791C0B4}.Debug|Any CPU.ActiveCfg = Debug|Any CPU
		{89D10657-8030-4A24-A318-E7F1E791C0B4}.Debug|Any CPU.Build.0 = Debug|Any CPU
		{89D10657-8030-4A24-A318-E7F1E791C0B4}.Release|Any CPU.ActiveCfg = Release|Any CPU
		{89D10657-8030-4A24-A318-E7F1E791C0B4}.Release|Any CPU.Build.0 = Release|Any CPU
	EndGlobalSection
	GlobalSection(SolutionProperties) = preSolution
		HideSolutionNode = FALSE
	EndGlobalSection
	GlobalSection(ExtensibilityGlobals) = postSolution
		SolutionGuid = {B3E73A6A-D603-40E4-8DD9-D7EE03BF5C69}
	EndGlobalSection
EndGlobal
